
Microsoft Visual Studio Solution File, Format Version 12.00
# Visual Studio 15
VisualStudioVersion = 15.0.27130.2020
MinimumVisualStudioVersion = 10.0.40219.1
Project("{FAE04EC0-301F-11D3-BF4B-00C04F79EFBC}") = "seventeen application", "seventeen application\seventeen application.csproj", "{B3A6D061-5CF0-4534-945C-82FB97823DB2}"
EndProject
Global
	GlobalSection(SolutionConfigurationPlatforms) = preSolution
		Debug|Any CPU = Debug|Any CPU
		Release|Any CPU = Release|Any CPU
	EndGlobalSection
	GlobalSection(ProjectConfigurationPlatforms) = postSolution
		{B3A6D061-5CF0-4534-945C-82FB97823DB2}.Debug|Any CPU.ActiveCfg = Debug|Any CPU
		{B3A6D061-5CF0-4534-945C-82FB97823DB2}.Debug|Any CPU.Build.0 = Debug|Any CPU
		{B3A6D061-5CF0-4534-945C-82FB97823DB2}.Release|Any CPU.ActiveCfg = Release|Any CPU
		{B3A6D061-5CF0-4534-945C-82FB97823DB2}.Release|Any CPU.Build.0 = Release|Any CPU
	EndGlobalSection
	GlobalSection(SolutionProperties) = preSolution
		HideSolutionNode = FALSE
	EndGlobalSection
	GlobalSection(ExtensibilityGlobals) = postSolution
		SolutionGuid = {3F4B0AB7-C068-49FE-B97E-8F989B531801}
	EndGlobalSection
EndGlobal
